<?xml version="1.0" encoding="utf-8"?>
<Project ToolsVersion="4.0" xmlns="http://schemas.microsoft.com/developer/msbuild/2003">
  <ItemGroup>
    <ClCompile Include="Vox.cpp" />
    <ClCompile Include="..\..\WDL\IPlug\IPlugVST.cpp">
      <Filter>vst2</Filter>
    </ClCompile>
    <ClCompile Include="onsetsds.c" />
    <ClCompile Include="onsetsdshelpers.c" />
    <ClCompile Include="voice.cpp" />
    <ClCompile Include="..\..\..\Documents\pitch-detection-master\src\autocorrelation.cpp" />
    <ClCompile Include="..\..\..\Documents\pitch-detection-master\src\mpm.cpp" />
    <ClCompile Include="..\..\..\Documents\pitch-detection-master\src\yin.cpp" />
    <ClCompile Include="smbPitchShift.cpp" />
  </ItemGroup>
  <ItemGroup>
    <ClInclude Include="Vox.h" />
    <ClInclude Include="resource.h" />
    <ClInclude Include="..\..\WDL\IPlug\IPlugVST.h">
      <Filter>vst2</Filter>
    </ClInclude>
    <ClInclude Include="onsetsds.h" />
    <ClInclude Include="onsetsdshelpers.h" />
    <ClInclude Include="Voice.h" />
    <ClInclude Include="..\..\..\Documents\pitch-detection-master\src\constants.hpp" />
    <ClInclude Include="..\..\..\Documents\pitch-detection-master\src\parabolic_interpolation.hpp" />
    <ClInclude Include="..\..\..\Documents\pitch-detection-master\include\pitch_detection.hpp" />
    <ClInclude Include="..\..\..\Documents\pitch-detection-master\src\xcorr.hpp" />
    <ClInclude Include="smbPitchShift.h" />
  </ItemGroup>
  <ItemGroup>
    <ResourceCompile Include="Vox.rc" />
  </ItemGroup>
  <ItemGroup>
    <Filter Include="vst2">
      <UniqueIdentifier>{ea16de74-9d15-4c60-ba09-d0924088d3e5}</UniqueIdentifier>
    </Filter>
  </ItemGroup>
</Project>